{
  "pins" : [
    {
      "identity" : "kindaswiftui",
      "kind" : "remoteSourceControl",
      "location" : "https://github.com/rebeloper/kindaSwiftUI.git",
      "state" : {
        "revision" : "429705e32b28145ea42ee555274a21acf9b8ceed",
        "version" : "1.1.2"
      }
    }
  ],
  "version" : 2
}
