{
  "pins" : [
    {
      "identity" : "kindaswiftui",
      "kind" : "remoteSourceControl",
      "location" : "https://github.com/rebeloper/kindaSwiftUI.git",
      "state" : {
        "revision" : "04af3fb1d01b4278b5f9f2e295cc232787b45ede",
        "version" : "1.1.0"
      }
    }
  ],
  "version" : 2
}
